github.com/joho/godotenv v1.4.0 h1:3l4+N6zfMWnkbPEXKng2o2/MR5mSwTrBih4ZEkkz1lg=
github.com/joho/godotenv v1.4.0/go.mod h1:f4LDr5Voq0i2e/R5DDNOoa2zzDfwtkZa6DnEwAbqwq4=
github.com/matrix-org/gomatrix v0.0.0-20210324163249-be2af5ef2e16 h1:ZtO5uywdd5dLDCud4r0r55eP4j9FuUNpl60Gmntcop4=
github.com/matrix-org/gomatrix v0.0.0-20210324163249-be2af5ef2e16/go.mod h1:/gBX06Kw0exX1HrwmoBibFA98yBk/jxKpGVeyQbff+s=
